// !$*UTF8*$!
{
	archiveVersion = 1;
	classes = {
	};
	objectVersion = 56;
	objects = {

/* Begin PBXBuildFile section */
		201433ADEE4E42F7FECCE52E /* Pods_lookie.framework in Frameworks */ = {isa = PBXBuildFile; fileRef = 9558A8DA04F0FF2DCC894223 /* Pods_lookie.framework */; };
		215912D62C7A09C100930D05 /* AppConstants.swift in Sources */ = {isa = PBXBuildFile; fileRef = 215912D52C7A09C100930D05 /* AppConstants.swift */; };
		215912D82C7A0BE600930D05 /* RequestManager.swift in Sources */ = {isa = PBXBuildFile; fileRef = 215912D72C7A0BE600930D05 /* RequestManager.swift */; };
		215912DD2C7A5AB300930D05 /* TabBar.swift in Sources */ = {isa = PBXBuildFile; fileRef = 215912DC2C7A5AB300930D05 /* TabBar.swift */; };
		215912DF2C7A5E6600930D05 /* Feed.swift in Sources */ = {isa = PBXBuildFile; fileRef = 215912DE2C7A5E6600930D05 /* Feed.swift */; };
		215912E12C7A5F9B00930D05 /* Enums.swift in Sources */ = {isa = PBXBuildFile; fileRef = 215912E02C7A5F9B00930D05 /* Enums.swift */; };
		215912EA2C7B153A00930D05 /* ViewModel.swift in Sources */ = {isa = PBXBuildFile; fileRef = 215912E92C7B153A00930D05 /* ViewModel.swift */; };
		215912EC2C7B1BA500930D05 /* Authorization.swift in Sources */ = {isa = PBXBuildFile; fileRef = 215912EB2C7B1BA500930D05 /* Authorization.swift */; };
		215912EE2C7B26DA00930D05 /* User.swift in Sources */ = {isa = PBXBuildFile; fileRef = 215912ED2C7B26DA00930D05 /* User.swift */; };
		215912F22C7C900C00930D05 /* ShortLook.swift in Sources */ = {isa = PBXBuildFile; fileRef = 215912F12C7C900C00930D05 /* ShortLook.swift */; };
		215912F42C7C99AB00930D05 /* BasicStructs.swift in Sources */ = {isa = PBXBuildFile; fileRef = 215912F32C7C99AB00930D05 /* BasicStructs.swift */; };
		215912F62C7F4B0900930D05 /* NewLook.swift in Sources */ = {isa = PBXBuildFile; fileRef = 215912F52C7F4B0900930D05 /* NewLook.swift */; };
		215912F92C7F4BB300930D05 /* FillFields.swift in Sources */ = {isa = PBXBuildFile; fileRef = 215912F82C7F4BB300930D05 /* FillFields.swift */; };
		215912FC2C7F509A00930D05 /* ImagePickerView.swift in Sources */ = {isa = PBXBuildFile; fileRef = 215912FB2C7F509A00930D05 /* ImagePickerView.swift */; };
		215912FF2C7F59BD00930D05 /* View+.swift in Sources */ = {isa = PBXBuildFile; fileRef = 215912FE2C7F59BD00930D05 /* View+.swift */; };
		215913062C805CB300930D05 /* AIManager.swift in Sources */ = {isa = PBXBuildFile; fileRef = 215913052C805CB300930D05 /* AIManager.swift */; };
		2167E7032C63B10E001E4325 /* ProjectApp.swift in Sources */ = {isa = PBXBuildFile; fileRef = 2167E7022C63B10E001E4325 /* ProjectApp.swift */; };
		2167E7052C63B10E001E4325 /* LoadingScreen.swift in Sources */ = {isa = PBXBuildFile; fileRef = 2167E7042C63B10E001E4325 /* LoadingScreen.swift */; };
		2167E7072C63B10F001E4325 /* Assets.xcassets in Resources */ = {isa = PBXBuildFile; fileRef = 2167E7062C63B10F001E4325 /* Assets.xcassets */; };
		2167E70A2C63B10F001E4325 /* Preview Assets.xcassets in Resources */ = {isa = PBXBuildFile; fileRef = 2167E7092C63B10F001E4325 /* Preview Assets.xcassets */; };
		21BDB3582C82224F0097F90E /* FashionClassifierWithSubclasses.mlpackage in Sources */ = {isa = PBXBuildFile; fileRef = 21BDB3572C82224F0097F90E /* FashionClassifierWithSubclasses.mlpackage */; };
		21BDB35B2C82246F0097F90E /* UIImage+.swift in Sources */ = {isa = PBXBuildFile; fileRef = 21BDB35A2C82246F0097F90E /* UIImage+.swift */; };
		21BDB35D2C8256970097F90E /* Search.swift in Sources */ = {isa = PBXBuildFile; fileRef = 21BDB35C2C8256970097F90E /* Search.swift */; };
		21BDB35F2C8258AB0097F90E /* SearchBar.swift in Sources */ = {isa = PBXBuildFile; fileRef = 21BDB35E2C8258AB0097F90E /* SearchBar.swift */; };
		21BDB3612C825E800097F90E /* Profile.swift in Sources */ = {isa = PBXBuildFile; fileRef = 21BDB3602C825E800097F90E /* Profile.swift */; };
		21BDB3662C8366BB0097F90E /* GoogleService-Info.plist in Resources */ = {isa = PBXBuildFile; fileRef = 21BDB3652C8366BB0097F90E /* GoogleService-Info.plist */; };
		21BDB3682C8369520097F90E /* NetworkManager.swift in Sources */ = {isa = PBXBuildFile; fileRef = 21BDB3672C8369520097F90E /* NetworkManager.swift */; };
		21BDB36A2C83779F0097F90E /* GenerateImage.swift in Sources */ = {isa = PBXBuildFile; fileRef = 21BDB3692C83779F0097F90E /* GenerateImage.swift */; };
		21BDB36C2C837C5E0097F90E /* AddButton.swift in Sources */ = {isa = PBXBuildFile; fileRef = 21BDB36B2C837C5E0097F90E /* AddButton.swift */; };
		21BDB36F2C8474130097F90E /* TT Travels Next Regular.ttf in Resources */ = {isa = PBXBuildFile; fileRef = 21BDB36E2C8474130097F90E /* TT Travels Next Regular.ttf */; };
		21BDB3712C8474DD0097F90E /* TopBars.swift in Sources */ = {isa = PBXBuildFile; fileRef = 21BDB3702C8474DD0097F90E /* TopBars.swift */; };
		21BDB3732C84783B0097F90E /* PagesManager.swift in Sources */ = {isa = PBXBuildFile; fileRef = 21BDB3722C84783B0097F90E /* PagesManager.swift */; };
		21BDB3752C847BAA0097F90E /* AuthorizationAvatar.swift in Sources */ = {isa = PBXBuildFile; fileRef = 21BDB3742C847BAA0097F90E /* AuthorizationAvatar.swift */; };
		21BDB3772C847F6B0097F90E /* Notifications.swift in Sources */ = {isa = PBXBuildFile; fileRef = 21BDB3762C847F6B0097F90E /* Notifications.swift */; };
		21BDB3792C8482140097F90E /* TypeButtons.swift in Sources */ = {isa = PBXBuildFile; fileRef = 21BDB3782C8482140097F90E /* TypeButtons.swift */; };
		21BDB37B2C84CDCB0097F90E /* Cards.swift in Sources */ = {isa = PBXBuildFile; fileRef = 21BDB37A2C84CDCB0097F90E /* Cards.swift */; };
		21BDB37D2C84D5270097F90E /* Weather.swift in Sources */ = {isa = PBXBuildFile; fileRef = 21BDB37C2C84D5270097F90E /* Weather.swift */; };
		21BDB37F2C84D5970097F90E /* LocationManager.swift in Sources */ = {isa = PBXBuildFile; fileRef = 21BDB37E2C84D5970097F90E /* LocationManager.swift */; };
/* End PBXBuildFile section */

/* Begin PBXFileReference section */
		215912D52C7A09C100930D05 /* AppConstants.swift */ = {isa = PBXFileReference; lastKnownFileType = sourcecode.swift; path = AppConstants.swift; sourceTree = "<group>"; };
		215912D72C7A0BE600930D05 /* RequestManager.swift */ = {isa = PBXFileReference; lastKnownFileType = sourcecode.swift; path = RequestManager.swift; sourceTree = "<group>"; };
		215912DC2C7A5AB300930D05 /* TabBar.swift */ = {isa = PBXFileReference; lastKnownFileType = sourcecode.swift; path = TabBar.swift; sourceTree = "<group>"; };
		215912DE2C7A5E6600930D05 /* Feed.swift */ = {isa = PBXFileReference; lastKnownFileType = sourcecode.swift; path = Feed.swift; sourceTree = "<group>"; };
		215912E02C7A5F9B00930D05 /* Enums.swift */ = {isa = PBXFileReference; lastKnownFileType = sourcecode.swift; path = Enums.swift; sourceTree = "<group>"; };
		215912E92C7B153A00930D05 /* ViewModel.swift */ = {isa = PBXFileReference; lastKnownFileType = sourcecode.swift; path = ViewModel.swift; sourceTree = "<group>"; };
		215912EB2C7B1BA500930D05 /* Authorization.swift */ = {isa = PBXFileReference; lastKnownFileType = sourcecode.swift; path = Authorization.swift; sourceTree = "<group>"; };
		215912ED2C7B26DA00930D05 /* User.swift */ = {isa = PBXFileReference; lastKnownFileType = sourcecode.swift; path = User.swift; sourceTree = "<group>"; };
		215912F12C7C900C00930D05 /* ShortLook.swift */ = {isa = PBXFileReference; lastKnownFileType = sourcecode.swift; path = ShortLook.swift; sourceTree = "<group>"; };
		215912F32C7C99AB00930D05 /* BasicStructs.swift */ = {isa = PBXFileReference; lastKnownFileType = sourcecode.swift; path = BasicStructs.swift; sourceTree = "<group>"; };
		215912F52C7F4B0900930D05 /* NewLook.swift */ = {isa = PBXFileReference; lastKnownFileType = sourcecode.swift; path = NewLook.swift; sourceTree = "<group>"; };
		215912F82C7F4BB300930D05 /* FillFields.swift */ = {isa = PBXFileReference; lastKnownFileType = sourcecode.swift; path = FillFields.swift; sourceTree = "<group>"; };
		215912FB2C7F509A00930D05 /* ImagePickerView.swift */ = {isa = PBXFileReference; lastKnownFileType = sourcecode.swift; path = ImagePickerView.swift; sourceTree = "<group>"; };
		215912FE2C7F59BD00930D05 /* View+.swift */ = {isa = PBXFileReference; lastKnownFileType = sourcecode.swift; path = "View+.swift"; sourceTree = "<group>"; };
		215913052C805CB300930D05 /* AIManager.swift */ = {isa = PBXFileReference; lastKnownFileType = sourcecode.swift; path = AIManager.swift; sourceTree = "<group>"; };
		2167E6FF2C63B10E001E4325 /* lookie.app */ = {isa = PBXFileReference; explicitFileType = wrapper.application; includeInIndex = 0; path = lookie.app; sourceTree = BUILT_PRODUCTS_DIR; };
		2167E7022C63B10E001E4325 /* ProjectApp.swift */ = {isa = PBXFileReference; lastKnownFileType = sourcecode.swift; path = ProjectApp.swift; sourceTree = "<group>"; };
		2167E7042C63B10E001E4325 /* LoadingScreen.swift */ = {isa = PBXFileReference; lastKnownFileType = sourcecode.swift; path = LoadingScreen.swift; sourceTree = "<group>"; };
		2167E7062C63B10F001E4325 /* Assets.xcassets */ = {isa = PBXFileReference; lastKnownFileType = folder.assetcatalog; path = Assets.xcassets; sourceTree = "<group>"; };
		2167E7092C63B10F001E4325 /* Preview Assets.xcassets */ = {isa = PBXFileReference; lastKnownFileType = folder.assetcatalog; path = "Preview Assets.xcassets"; sourceTree = "<group>"; };
		21BDB3572C82224F0097F90E /* FashionClassifierWithSubclasses.mlpackage */ = {isa = PBXFileReference; lastKnownFileType = folder.mlpackage; path = FashionClassifierWithSubclasses.mlpackage; sourceTree = "<group>"; };
		21BDB35A2C82246F0097F90E /* UIImage+.swift */ = {isa = PBXFileReference; lastKnownFileType = sourcecode.swift; path = "UIImage+.swift"; sourceTree = "<group>"; };
		21BDB35C2C8256970097F90E /* Search.swift */ = {isa = PBXFileReference; lastKnownFileType = sourcecode.swift; path = Search.swift; sourceTree = "<group>"; };
		21BDB35E2C8258AB0097F90E /* SearchBar.swift */ = {isa = PBXFileReference; lastKnownFileType = sourcecode.swift; path = SearchBar.swift; sourceTree = "<group>"; };
		21BDB3602C825E800097F90E /* Profile.swift */ = {isa = PBXFileReference; lastKnownFileType = sourcecode.swift; path = Profile.swift; sourceTree = "<group>"; };
		21BDB3652C8366BB0097F90E /* GoogleService-Info.plist */ = {isa = PBXFileReference; fileEncoding = 4; lastKnownFileType = text.plist.xml; path = "GoogleService-Info.plist"; sourceTree = "<group>"; };
		21BDB3672C8369520097F90E /* NetworkManager.swift */ = {isa = PBXFileReference; lastKnownFileType = sourcecode.swift; path = NetworkManager.swift; sourceTree = "<group>"; };
		21BDB3692C83779F0097F90E /* GenerateImage.swift */ = {isa = PBXFileReference; lastKnownFileType = sourcecode.swift; path = GenerateImage.swift; sourceTree = "<group>"; };
		21BDB36B2C837C5E0097F90E /* AddButton.swift */ = {isa = PBXFileReference; lastKnownFileType = sourcecode.swift; path = AddButton.swift; sourceTree = "<group>"; };
		21BDB36E2C8474130097F90E /* TT Travels Next Regular.ttf */ = {isa = PBXFileReference; lastKnownFileType = file; path = "TT Travels Next Regular.ttf"; sourceTree = "<group>"; };
		21BDB3702C8474DD0097F90E /* TopBars.swift */ = {isa = PBXFileReference; lastKnownFileType = sourcecode.swift; path = TopBars.swift; sourceTree = "<group>"; };
		21BDB3722C84783B0097F90E /* PagesManager.swift */ = {isa = PBXFileReference; lastKnownFileType = sourcecode.swift; path = PagesManager.swift; sourceTree = "<group>"; };
		21BDB3742C847BAA0097F90E /* AuthorizationAvatar.swift */ = {isa = PBXFileReference; lastKnownFileType = sourcecode.swift; path = AuthorizationAvatar.swift; sourceTree = "<group>"; };
		21BDB3762C847F6B0097F90E /* Notifications.swift */ = {isa = PBXFileReference; lastKnownFileType = sourcecode.swift; path = Notifications.swift; sourceTree = "<group>"; };
		21BDB3782C8482140097F90E /* TypeButtons.swift */ = {isa = PBXFileReference; lastKnownFileType = sourcecode.swift; path = TypeButtons.swift; sourceTree = "<group>"; };
		21BDB37A2C84CDCB0097F90E /* Cards.swift */ = {isa = PBXFileReference; lastKnownFileType = sourcecode.swift; path = Cards.swift; sourceTree = "<group>"; };
		21BDB37C2C84D5270097F90E /* Weather.swift */ = {isa = PBXFileReference; lastKnownFileType = sourcecode.swift; path = Weather.swift; sourceTree = "<group>"; };
		21BDB37E2C84D5970097F90E /* LocationManager.swift */ = {isa = PBXFileReference; lastKnownFileType = sourcecode.swift; path = LocationManager.swift; sourceTree = "<group>"; };
		31BCBA493D6C252829094C23 /* Pods-lookie.release.xcconfig */ = {isa = PBXFileReference; includeInIndex = 1; lastKnownFileType = text.xcconfig; name = "Pods-lookie.release.xcconfig"; path = "Target Support Files/Pods-lookie/Pods-lookie.release.xcconfig"; sourceTree = "<group>"; };
		9558A8DA04F0FF2DCC894223 /* Pods_lookie.framework */ = {isa = PBXFileReference; explicitFileType = wrapper.framework; includeInIndex = 0; path = Pods_lookie.framework; sourceTree = BUILT_PRODUCTS_DIR; };
		BBA0BE28DF9906FF8855C850 /* Pods-lookie.debug.xcconfig */ = {isa = PBXFileReference; includeInIndex = 1; lastKnownFileType = text.xcconfig; name = "Pods-lookie.debug.xcconfig"; path = "Target Support Files/Pods-lookie/Pods-lookie.debug.xcconfig"; sourceTree = "<group>"; };
/* End PBXFileReference section */

/* Begin PBXFrameworksBuildPhase section */
		2167E6FC2C63B10E001E4325 /* Frameworks */ = {
			isa = PBXFrameworksBuildPhase;
			buildActionMask = 2147483647;
			files = (
				201433ADEE4E42F7FECCE52E /* Pods_lookie.framework in Frameworks */,
			);
			runOnlyForDeploymentPostprocessing = 0;
		};
/* End PBXFrameworksBuildPhase section */

/* Begin PBXGroup section */
		215912CF2C7A08E000930D05 /* Extensions */ = {
			isa = PBXGroup;
			children = (
				215912FD2C7F59AC00930D05 /* SwiftUI */,
				215912FA2C7F508600930D05 /* UIKit */,
				215912F72C7F4BA600930D05 /* Structs */,
				215912E02C7A5F9B00930D05 /* Enums.swift */,
				215912F32C7C99AB00930D05 /* BasicStructs.swift */,
			);
			path = Extensions;
			sourceTree = "<group>";
		};
		215912D02C7A08EF00930D05 /* Models */ = {
			isa = PBXGroup;
			children = (
				215912ED2C7B26DA00930D05 /* User.swift */,
				215912F12C7C900C00930D05 /* ShortLook.swift */,
				21BDB37C2C84D5270097F90E /* Weather.swift */,
			);
			path = Models;
			sourceTree = "<group>";
		};
		215912D22C7A092000930D05 /* Assets */ = {
			isa = PBXGroup;
			children = (
				215913072C805D4F00930D05 /* MLModels */,
				215912D92C7A0DF600930D05 /* Fonts */,
				2167E7062C63B10F001E4325 /* Assets.xcassets */,
			);
			path = Assets;
			sourceTree = "<group>";
		};
		215912D32C7A092900930D05 /* ViewModels */ = {
			isa = PBXGroup;
			children = (
				215912E92C7B153A00930D05 /* ViewModel.swift */,
				215912D72C7A0BE600930D05 /* RequestManager.swift */,
				215913052C805CB300930D05 /* AIManager.swift */,
				21BDB3672C8369520097F90E /* NetworkManager.swift */,
				21BDB3722C84783B0097F90E /* PagesManager.swift */,
				21BDB37E2C84D5970097F90E /* LocationManager.swift */,
			);
			path = ViewModels;
			sourceTree = "<group>";
		};
		215912D42C7A09A700930D05 /* Views */ = {
			isa = PBXGroup;
			children = (
				2167E7042C63B10E001E4325 /* LoadingScreen.swift */,
				21BDB36D2C8473DA0097F90E /* Authorization */,
				215912DC2C7A5AB300930D05 /* TabBar.swift */,
				215912DE2C7A5E6600930D05 /* Feed.swift */,
				21BDB3692C83779F0097F90E /* GenerateImage.swift */,
				215912F52C7F4B0900930D05 /* NewLook.swift */,
				21BDB35C2C8256970097F90E /* Search.swift */,
				21BDB3602C825E800097F90E /* Profile.swift */,
			);
			path = Views;
			sourceTree = "<group>";
		};
		215912D92C7A0DF600930D05 /* Fonts */ = {
			isa = PBXGroup;
			children = (
				21BDB36E2C8474130097F90E /* TT Travels Next Regular.ttf */,
			);
			path = Fonts;
			sourceTree = "<group>";
		};
		215912F72C7F4BA600930D05 /* Structs */ = {
			isa = PBXGroup;
			children = (
				215912F82C7F4BB300930D05 /* FillFields.swift */,
				21BDB35E2C8258AB0097F90E /* SearchBar.swift */,
				21BDB36B2C837C5E0097F90E /* AddButton.swift */,
				21BDB3702C8474DD0097F90E /* TopBars.swift */,
				21BDB3782C8482140097F90E /* TypeButtons.swift */,
				21BDB37A2C84CDCB0097F90E /* Cards.swift */,
			);
			path = Structs;
			sourceTree = "<group>";
		};
		215912FA2C7F508600930D05 /* UIKit */ = {
			isa = PBXGroup;
			children = (
				215912FB2C7F509A00930D05 /* ImagePickerView.swift */,
				21BDB35A2C82246F0097F90E /* UIImage+.swift */,
			);
			path = UIKit;
			sourceTree = "<group>";
		};
		215912FD2C7F59AC00930D05 /* SwiftUI */ = {
			isa = PBXGroup;
			children = (
				215912FE2C7F59BD00930D05 /* View+.swift */,
			);
			path = SwiftUI;
			sourceTree = "<group>";
		};
		215913072C805D4F00930D05 /* MLModels */ = {
			isa = PBXGroup;
			children = (
				21BDB3572C82224F0097F90E /* FashionClassifierWithSubclasses.mlpackage */,
			);
			path = MLModels;
			sourceTree = "<group>";
		};
		2167E6F62C63B10E001E4325 = {
			isa = PBXGroup;
			children = (
				2167E7012C63B10E001E4325 /* lookie */,
				2167E7002C63B10E001E4325 /* Products */,
				BFA32257698E180D753F7E9B /* Pods */,
				8845A2C30A12C971D00E33EA /* Frameworks */,
			);
			sourceTree = "<group>";
		};
		2167E7002C63B10E001E4325 /* Products */ = {
			isa = PBXGroup;
			children = (
				2167E6FF2C63B10E001E4325 /* lookie.app */,
			);
			name = Products;
			sourceTree = "<group>";
		};
		2167E7012C63B10E001E4325 /* lookie */ = {
			isa = PBXGroup;
			children = (
				215912D42C7A09A700930D05 /* Views */,
				215912D32C7A092900930D05 /* ViewModels */,
				215912D22C7A092000930D05 /* Assets */,
				215912CF2C7A08E000930D05 /* Extensions */,
				215912D02C7A08EF00930D05 /* Models */,
				2167E7082C63B10F001E4325 /* Preview Content */,
				2167E7022C63B10E001E4325 /* ProjectApp.swift */,
				215912D52C7A09C100930D05 /* AppConstants.swift */,
				21BDB3652C8366BB0097F90E /* GoogleService-Info.plist */,
			);
			path = lookie;
			sourceTree = "<group>";
		};
		2167E7082C63B10F001E4325 /* Preview Content */ = {
			isa = PBXGroup;
			children = (
				2167E7092C63B10F001E4325 /* Preview Assets.xcassets */,
			);
			path = "Preview Content";
			sourceTree = "<group>";
		};
		21BDB36D2C8473DA0097F90E /* Authorization */ = {
			isa = PBXGroup;
			children = (
				215912EB2C7B1BA500930D05 /* Authorization.swift */,
				21BDB3742C847BAA0097F90E /* AuthorizationAvatar.swift */,
				21BDB3762C847F6B0097F90E /* Notifications.swift */,
			);
			path = Authorization;
			sourceTree = "<group>";
		};
		8845A2C30A12C971D00E33EA /* Frameworks */ = {
			isa = PBXGroup;
			children = (
				9558A8DA04F0FF2DCC894223 /* Pods_lookie.framework */,
			);
			name = Frameworks;
			sourceTree = "<group>";
		};
		BFA32257698E180D753F7E9B /* Pods */ = {
			isa = PBXGroup;
			children = (
				BBA0BE28DF9906FF8855C850 /* Pods-lookie.debug.xcconfig */,
				31BCBA493D6C252829094C23 /* Pods-lookie.release.xcconfig */,
			);
			path = Pods;
			sourceTree = "<group>";
		};
/* End PBXGroup section */

/* Begin PBXNativeTarget section */
		2167E6FE2C63B10E001E4325 /* lookie */ = {
			isa = PBXNativeTarget;
			buildConfigurationList = 2167E70D2C63B10F001E4325 /* Build configuration list for PBXNativeTarget "lookie" */;
			buildPhases = (
				71EC619E3D9770EF16F5A7F7 /* [CP] Check Pods Manifest.lock */,
				2167E6FB2C63B10E001E4325 /* Sources */,
				2167E6FC2C63B10E001E4325 /* Frameworks */,
				2167E6FD2C63B10E001E4325 /* Resources */,
				A2FE260C81A101B2D1EE687A /* [CP] Embed Pods Frameworks */,
				0711C53E0AA1E2F733B61DE4 /* [CP] Copy Pods Resources */,
			);
			buildRules = (
			);
			dependencies = (
			);
			name = lookie;
			packageProductDependencies = (
			);
			productName = lookie;
			productReference = 2167E6FF2C63B10E001E4325 /* lookie.app */;
			productType = "com.apple.product-type.application";
		};
/* End PBXNativeTarget section */

/* Begin PBXProject section */
		2167E6F72C63B10E001E4325 /* Project object */ = {
			isa = PBXProject;
			attributes = {
				BuildIndependentTargetsInParallel = 1;
				LastSwiftUpdateCheck = 1530;
				LastUpgradeCheck = 1530;
				TargetAttributes = {
					2167E6FE2C63B10E001E4325 = {
						CreatedOnToolsVersion = 15.3;
					};
				};
			};
			buildConfigurationList = 2167E6FA2C63B10E001E4325 /* Build configuration list for PBXProject "lookie" */;
			compatibilityVersion = "Xcode 14.0";
			developmentRegion = en;
			hasScannedForEncodings = 0;
			knownRegions = (
				en,
				Base,
			);
			mainGroup = 2167E6F62C63B10E001E4325;
			packageReferences = (
			);
			productRefGroup = 2167E7002C63B10E001E4325 /* Products */;
			projectDirPath = "";
			projectRoot = "";
			targets = (
				2167E6FE2C63B10E001E4325 /* lookie */,
			);
		};
/* End PBXProject section */

/* Begin PBXResourcesBuildPhase section */
		2167E6FD2C63B10E001E4325 /* Resources */ = {
			isa = PBXResourcesBuildPhase;
			buildActionMask = 2147483647;
			files = (
				2167E70A2C63B10F001E4325 /* Preview Assets.xcassets in Resources */,
				21BDB36F2C8474130097F90E /* TT Travels Next Regular.ttf in Resources */,
				2167E7072C63B10F001E4325 /* Assets.xcassets in Resources */,
				21BDB3662C8366BB0097F90E /* GoogleService-Info.plist in Resources */,
			);
			runOnlyForDeploymentPostprocessing = 0;
		};
/* End PBXResourcesBuildPhase section */

/* Begin PBXShellScriptBuildPhase section */
		0711C53E0AA1E2F733B61DE4 /* [CP] Copy Pods Resources */ = {
			isa = PBXShellScriptBuildPhase;
			buildActionMask = 2147483647;
			files = (
			);
			inputFileListPaths = (
				"${PODS_ROOT}/Target Support Files/Pods-lookie/Pods-lookie-resources-${CONFIGURATION}-input-files.xcfilelist",
			);
			name = "[CP] Copy Pods Resources";
			outputFileListPaths = (
				"${PODS_ROOT}/Target Support Files/Pods-lookie/Pods-lookie-resources-${CONFIGURATION}-output-files.xcfilelist",
			);
			runOnlyForDeploymentPostprocessing = 0;
			shellPath = /bin/sh;
			shellScript = "\"${PODS_ROOT}/Target Support Files/Pods-lookie/Pods-lookie-resources.sh\"\n";
			showEnvVarsInLog = 0;
		};
		71EC619E3D9770EF16F5A7F7 /* [CP] Check Pods Manifest.lock */ = {
			isa = PBXShellScriptBuildPhase;
			buildActionMask = 2147483647;
			files = (
			);
			inputFileListPaths = (
			);
			inputPaths = (
				"${PODS_PODFILE_DIR_PATH}/Podfile.lock",
				"${PODS_ROOT}/Manifest.lock",
			);
			name = "[CP] Check Pods Manifest.lock";
			outputFileListPaths = (
			);
			outputPaths = (
				"$(DERIVED_FILE_DIR)/Pods-lookie-checkManifestLockResult.txt",
			);
			runOnlyForDeploymentPostprocessing = 0;
			shellPath = /bin/sh;
			shellScript = "diff \"${PODS_PODFILE_DIR_PATH}/Podfile.lock\" \"${PODS_ROOT}/Manifest.lock\" > /dev/null\nif [ $? != 0 ] ; then\n    # print error to STDERR\n    echo \"error: The sandbox is not in sync with the Podfile.lock. Run 'pod install' or update your CocoaPods installation.\" >&2\n    exit 1\nfi\n# This output is used by Xcode 'outputs' to avoid re-running this script phase.\necho \"SUCCESS\" > \"${SCRIPT_OUTPUT_FILE_0}\"\n";
			showEnvVarsInLog = 0;
		};
		A2FE260C81A101B2D1EE687A /* [CP] Embed Pods Frameworks */ = {
			isa = PBXShellScriptBuildPhase;
			buildActionMask = 2147483647;
			files = (
			);
			inputFileListPaths = (
				"${PODS_ROOT}/Target Support Files/Pods-lookie/Pods-lookie-frameworks-${CONFIGURATION}-input-files.xcfilelist",
			);
			name = "[CP] Embed Pods Frameworks";
			outputFileListPaths = (
				"${PODS_ROOT}/Target Support Files/Pods-lookie/Pods-lookie-frameworks-${CONFIGURATION}-output-files.xcfilelist",
			);
			runOnlyForDeploymentPostprocessing = 0;
			shellPath = /bin/sh;
			shellScript = "\"${PODS_ROOT}/Target Support Files/Pods-lookie/Pods-lookie-frameworks.sh\"\n";
			showEnvVarsInLog = 0;
		};
/* End PBXShellScriptBuildPhase section */

/* Begin PBXSourcesBuildPhase section */
		2167E6FB2C63B10E001E4325 /* Sources */ = {
			isa = PBXSourcesBuildPhase;
			buildActionMask = 2147483647;
			files = (
				215912F62C7F4B0900930D05 /* NewLook.swift in Sources */,
				215912F42C7C99AB00930D05 /* BasicStructs.swift in Sources */,
				21BDB3772C847F6B0097F90E /* Notifications.swift in Sources */,
				215913062C805CB300930D05 /* AIManager.swift in Sources */,
				21BDB36C2C837C5E0097F90E /* AddButton.swift in Sources */,
				2167E7052C63B10E001E4325 /* LoadingScreen.swift in Sources */,
				215912F22C7C900C00930D05 /* ShortLook.swift in Sources */,
				21BDB3582C82224F0097F90E /* FashionClassifierWithSubclasses.mlpackage in Sources */,
				215912FC2C7F509A00930D05 /* ImagePickerView.swift in Sources */,
				215912DF2C7A5E6600930D05 /* Feed.swift in Sources */,
				215912D62C7A09C100930D05 /* AppConstants.swift in Sources */,
				2167E7032C63B10E001E4325 /* ProjectApp.swift in Sources */,
				215912E12C7A5F9B00930D05 /* Enums.swift in Sources */,
				21BDB3752C847BAA0097F90E /* AuthorizationAvatar.swift in Sources */,
				21BDB37F2C84D5970097F90E /* LocationManager.swift in Sources */,
				215912D82C7A0BE600930D05 /* RequestManager.swift in Sources */,
				21BDB36A2C83779F0097F90E /* GenerateImage.swift in Sources */,
				215912EC2C7B1BA500930D05 /* Authorization.swift in Sources */,
				21BDB3792C8482140097F90E /* TypeButtons.swift in Sources */,
				215912EA2C7B153A00930D05 /* ViewModel.swift in Sources */,
				21BDB35F2C8258AB0097F90E /* SearchBar.swift in Sources */,
				21BDB3732C84783B0097F90E /* PagesManager.swift in Sources */,
				21BDB3712C8474DD0097F90E /* TopBars.swift in Sources */,
				215912FF2C7F59BD00930D05 /* View+.swift in Sources */,
				215912F92C7F4BB300930D05 /* FillFields.swift in Sources */,
				21BDB37D2C84D5270097F90E /* Weather.swift in Sources */,
				215912EE2C7B26DA00930D05 /* User.swift in Sources */,
				21BDB35D2C8256970097F90E /* Search.swift in Sources */,
				21BDB37B2C84CDCB0097F90E /* Cards.swift in Sources */,
				21BDB3612C825E800097F90E /* Profile.swift in Sources */,
				21BDB3682C8369520097F90E /* NetworkManager.swift in Sources */,
				215912DD2C7A5AB300930D05 /* TabBar.swift in Sources */,
				21BDB35B2C82246F0097F90E /* UIImage+.swift in Sources */,
			);
			runOnlyForDeploymentPostprocessing = 0;
		};
/* End PBXSourcesBuildPhase section */

/* Begin XCBuildConfiguration section */
		2167E70B2C63B10F001E4325 /* Debug */ = {
			isa = XCBuildConfiguration;
			buildSettings = {
				ALWAYS_SEARCH_USER_PATHS = NO;
				ASSETCATALOG_COMPILER_GENERATE_SWIFT_ASSET_SYMBOL_EXTENSIONS = YES;
				CLANG_ANALYZER_NONNULL = YES;
				CLANG_ANALYZER_NUMBER_OBJECT_CONVERSION = YES_AGGRESSIVE;
				CLANG_CXX_LANGUAGE_STANDARD = "gnu++20";
				CLANG_ENABLE_MODULES = YES;
				CLANG_ENABLE_OBJC_ARC = YES;
				CLANG_ENABLE_OBJC_WEAK = YES;
				CLANG_WARN_BLOCK_CAPTURE_AUTORELEASING = YES;
				CLANG_WARN_BOOL_CONVERSION = YES;
				CLANG_WARN_COMMA = YES;
				CLANG_WARN_CONSTANT_CONVERSION = YES;
				CLANG_WARN_DEPRECATED_OBJC_IMPLEMENTATIONS = YES;
				CLANG_WARN_DIRECT_OBJC_ISA_USAGE = YES_ERROR;
				CLANG_WARN_DOCUMENTATION_COMMENTS = YES;
				CLANG_WARN_EMPTY_BODY = YES;
				CLANG_WARN_ENUM_CONVERSION = YES;
				CLANG_WARN_INFINITE_RECURSION = YES;
				CLANG_WARN_INT_CONVERSION = YES;
				CLANG_WARN_NON_LITERAL_NULL_CONVERSION = YES;
				CLANG_WARN_OBJC_IMPLICIT_RETAIN_SELF = YES;
				CLANG_WARN_OBJC_LITERAL_CONVERSION = YES;
				CLANG_WARN_OBJC_ROOT_CLASS = YES_ERROR;
				CLANG_WARN_QUOTED_INCLUDE_IN_FRAMEWORK_HEADER = YES;
				CLANG_WARN_RANGE_LOOP_ANALYSIS = YES;
				CLANG_WARN_STRICT_PROTOTYPES = YES;
				CLANG_WARN_SUSPICIOUS_MOVE = YES;
				CLANG_WARN_UNGUARDED_AVAILABILITY = YES_AGGRESSIVE;
				CLANG_WARN_UNREACHABLE_CODE = YES;
				CLANG_WARN__DUPLICATE_METHOD_MATCH = YES;
				COPY_PHASE_STRIP = NO;
				DEBUG_INFORMATION_FORMAT = dwarf;
				ENABLE_STRICT_OBJC_MSGSEND = YES;
				ENABLE_TESTABILITY = YES;
				ENABLE_USER_SCRIPT_SANDBOXING = YES;
				GCC_C_LANGUAGE_STANDARD = gnu17;
				GCC_DYNAMIC_NO_PIC = NO;
				GCC_NO_COMMON_BLOCKS = YES;
				GCC_OPTIMIZATION_LEVEL = 0;
				GCC_PREPROCESSOR_DEFINITIONS = (
					"DEBUG=1",
					"$(inherited)",
				);
				GCC_WARN_64_TO_32_BIT_CONVERSION = YES;
				GCC_WARN_ABOUT_RETURN_TYPE = YES_ERROR;
				GCC_WARN_UNDECLARED_SELECTOR = YES;
				GCC_WARN_UNINITIALIZED_AUTOS = YES_AGGRESSIVE;
				GCC_WARN_UNUSED_FUNCTION = YES;
				GCC_WARN_UNUSED_VARIABLE = YES;
				IPHONEOS_DEPLOYMENT_TARGET = 16.0;
				LOCALIZATION_PREFERS_STRING_CATALOGS = YES;
				MTL_ENABLE_DEBUG_INFO = INCLUDE_SOURCE;
				MTL_FAST_MATH = YES;
				ONLY_ACTIVE_ARCH = YES;
				SDKROOT = iphoneos;
				SWIFT_ACTIVE_COMPILATION_CONDITIONS = "DEBUG $(inherited)";
				SWIFT_OPTIMIZATION_LEVEL = "-Onone";
			};
			name = Debug;
		};
		2167E70C2C63B10F001E4325 /* Release */ = {
			isa = XCBuildConfiguration;
			buildSettings = {
				ALWAYS_SEARCH_USER_PATHS = NO;
				ASSETCATALOG_COMPILER_GENERATE_SWIFT_ASSET_SYMBOL_EXTENSIONS = YES;
				CLANG_ANALYZER_NONNULL = YES;
				CLANG_ANALYZER_NUMBER_OBJECT_CONVERSION = YES_AGGRESSIVE;
				CLANG_CXX_LANGUAGE_STANDARD = "gnu++20";
				CLANG_ENABLE_MODULES = YES;
				CLANG_ENABLE_OBJC_ARC = YES;
				CLANG_ENABLE_OBJC_WEAK = YES;
				CLANG_WARN_BLOCK_CAPTURE_AUTORELEASING = YES;
				CLANG_WARN_BOOL_CONVERSION = YES;
				CLANG_WARN_COMMA = YES;
				CLANG_WARN_CONSTANT_CONVERSION = YES;
				CLANG_WARN_DEPRECATED_OBJC_IMPLEMENTATIONS = YES;
				CLANG_WARN_DIRECT_OBJC_ISA_USAGE = YES_ERROR;
				CLANG_WARN_DOCUMENTATION_COMMENTS = YES;
				CLANG_WARN_EMPTY_BODY = YES;
				CLANG_WARN_ENUM_CONVERSION = YES;
				CLANG_WARN_INFINITE_RECURSION = YES;
				CLANG_WARN_INT_CONVERSION = YES;
				CLANG_WARN_NON_LITERAL_NULL_CONVERSION = YES;
				CLANG_WARN_OBJC_IMPLICIT_RETAIN_SELF = YES;
				CLANG_WARN_OBJC_LITERAL_CONVERSION = YES;
				CLANG_WARN_OBJC_ROOT_CLASS = YES_ERROR;
				CLANG_WARN_QUOTED_INCLUDE_IN_FRAMEWORK_HEADER = YES;
				CLANG_WARN_RANGE_LOOP_ANALYSIS = YES;
				CLANG_WARN_STRICT_PROTOTYPES = YES;
				CLANG_WARN_SUSPICIOUS_MOVE = YES;
				CLANG_WARN_UNGUARDED_AVAILABILITY = YES_AGGRESSIVE;
				CLANG_WARN_UNREACHABLE_CODE = YES;
				CLANG_WARN__DUPLICATE_METHOD_MATCH = YES;
				COPY_PHASE_STRIP = NO;
				DEBUG_INFORMATION_FORMAT = "dwarf-with-dsym";
				ENABLE_NS_ASSERTIONS = NO;
				ENABLE_STRICT_OBJC_MSGSEND = YES;
				ENABLE_USER_SCRIPT_SANDBOXING = YES;
				GCC_C_LANGUAGE_STANDARD = gnu17;
				GCC_NO_COMMON_BLOCKS = YES;
				GCC_WARN_64_TO_32_BIT_CONVERSION = YES;
				GCC_WARN_ABOUT_RETURN_TYPE = YES_ERROR;
				GCC_WARN_UNDECLARED_SELECTOR = YES;
				GCC_WARN_UNINITIALIZED_AUTOS = YES_AGGRESSIVE;
				GCC_WARN_UNUSED_FUNCTION = YES;
				GCC_WARN_UNUSED_VARIABLE = YES;
				IPHONEOS_DEPLOYMENT_TARGET = 16.0;
				LOCALIZATION_PREFERS_STRING_CATALOGS = YES;
				MTL_ENABLE_DEBUG_INFO = NO;
				MTL_FAST_MATH = YES;
				SDKROOT = iphoneos;
				SWIFT_COMPILATION_MODE = wholemodule;
				VALIDATE_PRODUCT = YES;
			};
			name = Release;
		};
		2167E70E2C63B10F001E4325 /* Debug */ = {
			isa = XCBuildConfiguration;
			baseConfigurationReference = BBA0BE28DF9906FF8855C850 /* Pods-lookie.debug.xcconfig */;
			buildSettings = {
				ASSETCATALOG_COMPILER_APPICON_NAME = AppIcon;
				ASSETCATALOG_COMPILER_GLOBAL_ACCENT_COLOR_NAME = AccentColor;
				CODE_SIGN_STYLE = Automatic;
				CURRENT_PROJECT_VERSION = 1;
				DEVELOPMENT_ASSET_PATHS = "\"lookie/Preview Content\"";
				DEVELOPMENT_TEAM = QN6RC23FCQ;
				ENABLE_PREVIEWS = YES;
				ENABLE_USER_SCRIPT_SANDBOXING = NO;
				GENERATE_INFOPLIST_FILE = YES;
				INFOPLIST_KEY_CFBundleDisplayName = Lookie;
				INFOPLIST_KEY_NSLocationWhenInUseUsageDescription = "We need your location to show weather in your city.";
				INFOPLIST_KEY_UIApplicationSceneManifest_Generation = YES;
				INFOPLIST_KEY_UIApplicationSupportsIndirectInputEvents = YES;
				INFOPLIST_KEY_UILaunchScreen_Generation = YES;
				INFOPLIST_KEY_UISupportedInterfaceOrientations = UIInterfaceOrientationPortrait;
				IPHONEOS_DEPLOYMENT_TARGET = 16.0;
				LD_RUNPATH_SEARCH_PATHS = (
					"$(inherited)",
					"@executable_path/Frameworks",
				);
				MARKETING_VERSION = 1.0;
				PRODUCT_BUNDLE_IDENTIFIER = ruslanparastaev.lookie;
				PRODUCT_NAME = "$(TARGET_NAME)";
				SWIFT_EMIT_LOC_STRINGS = YES;
				SWIFT_VERSION = 5.0;
				TARGETED_DEVICE_FAMILY = "1,2";
			};
			name = Debug;
		};
		2167E70F2C63B10F001E4325 /* Release */ = {
			isa = XCBuildConfiguration;
			baseConfigurationReference = 31BCBA493D6C252829094C23 /* Pods-lookie.release.xcconfig */;
			buildSettings = {
				ASSETCATALOG_COMPILER_APPICON_NAME = AppIcon;
				ASSETCATALOG_COMPILER_GLOBAL_ACCENT_COLOR_NAME = AccentColor;
				CODE_SIGN_STYLE = Automatic;
				CURRENT_PROJECT_VERSION = 1;
				DEVELOPMENT_ASSET_PATHS = "\"lookie/Preview Content\"";
				DEVELOPMENT_TEAM = QN6RC23FCQ;
				ENABLE_PREVIEWS = YES;
				ENABLE_USER_SCRIPT_SANDBOXING = NO;
				GENERATE_INFOPLIST_FILE = YES;
				INFOPLIST_KEY_CFBundleDisplayName = Lookie;
				INFOPLIST_KEY_NSLocationWhenInUseUsageDescription = "We need your location to show weather in your city.";
				INFOPLIST_KEY_UIApplicationSceneManifest_Generation = YES;
				INFOPLIST_KEY_UIApplicationSupportsIndirectInputEvents = YES;
				INFOPLIST_KEY_UILaunchScreen_Generation = YES;
				INFOPLIST_KEY_UISupportedInterfaceOrientations = UIInterfaceOrientationPortrait;
				IPHONEOS_DEPLOYMENT_TARGET = 16.0;
				LD_RUNPATH_SEARCH_PATHS = (
					"$(inherited)",
					"@executable_path/Frameworks",
				);
				MARKETING_VERSION = 1.0;
				PRODUCT_BUNDLE_IDENTIFIER = ruslanparastaev.lookie;
				PRODUCT_NAME = "$(TARGET_NAME)";
				SWIFT_EMIT_LOC_STRINGS = YES;
				SWIFT_VERSION = 5.0;
				TARGETED_DEVICE_FAMILY = "1,2";
			};
			name = Release;
		};
/* End XCBuildConfiguration section */

/* Begin XCConfigurationList section */
		2167E6FA2C63B10E001E4325 /* Build configuration list for PBXProject "lookie" */ = {
			isa = XCConfigurationList;
			buildConfigurations = (
				2167E70B2C63B10F001E4325 /* Debug */,
				2167E70C2C63B10F001E4325 /* Release */,
			);
			defaultConfigurationIsVisible = 0;
			defaultConfigurationName = Release;
		};
		2167E70D2C63B10F001E4325 /* Build configuration list for PBXNativeTarget "lookie" */ = {
			isa = XCConfigurationList;
			buildConfigurations = (
				2167E70E2C63B10F001E4325 /* Debug */,
				2167E70F2C63B10F001E4325 /* Release */,
			);
			defaultConfigurationIsVisible = 0;
			defaultConfigurationName = Release;
		};
/* End XCConfigurationList section */
	};
	rootObject = 2167E6F72C63B10E001E4325 /* Project object */;
}
