// !$*UTF8*$!
{
	archiveVersion = 1;
	classes = {
	};
	objectVersion = 56;
	objects = {

/* Begin PBXBuildFile section */
		215912D62C7A09C100930D05 /* AppConstants.swift in Sources */ = {isa = PBXBuildFile; fileRef = 215912D52C7A09C100930D05 /* AppConstants.swift */; };
		215912D82C7A0BE600930D05 /* RequestManager.swift in Sources */ = {isa = PBXBuildFile; fileRef = 215912D72C7A0BE600930D05 /* RequestManager.swift */; };
		215912DD2C7A5AB300930D05 /* TabBar.swift in Sources */ = {isa = PBXBuildFile; fileRef = 215912DC2C7A5AB300930D05 /* TabBar.swift */; };
		215912DF2C7A5E6600930D05 /* Feed.swift in Sources */ = {isa = PBXBuildFile; fileRef = 215912DE2C7A5E6600930D05 /* Feed.swift */; };
		215912E12C7A5F9B00930D05 /* Enums.swift in Sources */ = {isa = PBXBuildFile; fileRef = 215912E02C7A5F9B00930D05 /* Enums.swift */; };
		215912E42C7A762B00930D05 /* FirebaseAnalytics in Frameworks */ = {isa = PBXBuildFile; productRef = 215912E32C7A762B00930D05 /* FirebaseAnalytics */; };
		215912E62C7A762B00930D05 /* FirebaseAuth in Frameworks */ = {isa = PBXBuildFile; productRef = 215912E52C7A762B00930D05 /* FirebaseAuth */; };
		215912E82C7A762B00930D05 /* FirebaseFirestore in Frameworks */ = {isa = PBXBuildFile; productRef = 215912E72C7A762B00930D05 /* FirebaseFirestore */; };
		215912EA2C7B153A00930D05 /* ViewModel.swift in Sources */ = {isa = PBXBuildFile; fileRef = 215912E92C7B153A00930D05 /* ViewModel.swift */; };
		215912EC2C7B1BA500930D05 /* Authorization.swift in Sources */ = {isa = PBXBuildFile; fileRef = 215912EB2C7B1BA500930D05 /* Authorization.swift */; };
		215912EE2C7B26DA00930D05 /* User.swift in Sources */ = {isa = PBXBuildFile; fileRef = 215912ED2C7B26DA00930D05 /* User.swift */; };
		215912F02C7B2B0300930D05 /* GoogleService-Info.plist in Resources */ = {isa = PBXBuildFile; fileRef = 215912EF2C7B2B0300930D05 /* GoogleService-Info.plist */; };
		2167E7032C63B10E001E4325 /* ProjectApp.swift in Sources */ = {isa = PBXBuildFile; fileRef = 2167E7022C63B10E001E4325 /* ProjectApp.swift */; };
		2167E7052C63B10E001E4325 /* LoadingScreen.swift in Sources */ = {isa = PBXBuildFile; fileRef = 2167E7042C63B10E001E4325 /* LoadingScreen.swift */; };
		2167E7072C63B10F001E4325 /* Assets.xcassets in Resources */ = {isa = PBXBuildFile; fileRef = 2167E7062C63B10F001E4325 /* Assets.xcassets */; };
		2167E70A2C63B10F001E4325 /* Preview Assets.xcassets in Resources */ = {isa = PBXBuildFile; fileRef = 2167E7092C63B10F001E4325 /* Preview Assets.xcassets */; };
/* End PBXBuildFile section */

/* Begin PBXFileReference section */
		215912D52C7A09C100930D05 /* AppConstants.swift */ = {isa = PBXFileReference; lastKnownFileType = sourcecode.swift; path = AppConstants.swift; sourceTree = "<group>"; };
		215912D72C7A0BE600930D05 /* RequestManager.swift */ = {isa = PBXFileReference; lastKnownFileType = sourcecode.swift; path = RequestManager.swift; sourceTree = "<group>"; };
		215912DC2C7A5AB300930D05 /* TabBar.swift */ = {isa = PBXFileReference; lastKnownFileType = sourcecode.swift; path = TabBar.swift; sourceTree = "<group>"; };
		215912DE2C7A5E6600930D05 /* Feed.swift */ = {isa = PBXFileReference; lastKnownFileType = sourcecode.swift; path = Feed.swift; sourceTree = "<group>"; };
		215912E02C7A5F9B00930D05 /* Enums.swift */ = {isa = PBXFileReference; lastKnownFileType = sourcecode.swift; path = Enums.swift; sourceTree = "<group>"; };
		215912E92C7B153A00930D05 /* ViewModel.swift */ = {isa = PBXFileReference; lastKnownFileType = sourcecode.swift; path = ViewModel.swift; sourceTree = "<group>"; };
		215912EB2C7B1BA500930D05 /* Authorization.swift */ = {isa = PBXFileReference; lastKnownFileType = sourcecode.swift; path = Authorization.swift; sourceTree = "<group>"; };
		215912ED2C7B26DA00930D05 /* User.swift */ = {isa = PBXFileReference; lastKnownFileType = sourcecode.swift; path = User.swift; sourceTree = "<group>"; };
		215912EF2C7B2B0300930D05 /* GoogleService-Info.plist */ = {isa = PBXFileReference; fileEncoding = 4; lastKnownFileType = text.plist.xml; path = "GoogleService-Info.plist"; sourceTree = "<group>"; };
		2167E6FF2C63B10E001E4325 /* lookie.app */ = {isa = PBXFileReference; explicitFileType = wrapper.application; includeInIndex = 0; path = lookie.app; sourceTree = BUILT_PRODUCTS_DIR; };
		2167E7022C63B10E001E4325 /* ProjectApp.swift */ = {isa = PBXFileReference; lastKnownFileType = sourcecode.swift; path = ProjectApp.swift; sourceTree = "<group>"; };
		2167E7042C63B10E001E4325 /* LoadingScreen.swift */ = {isa = PBXFileReference; lastKnownFileType = sourcecode.swift; path = LoadingScreen.swift; sourceTree = "<group>"; };
		2167E7062C63B10F001E4325 /* Assets.xcassets */ = {isa = PBXFileReference; lastKnownFileType = folder.assetcatalog; path = Assets.xcassets; sourceTree = "<group>"; };
		2167E7092C63B10F001E4325 /* Preview Assets.xcassets */ = {isa = PBXFileReference; lastKnownFileType = folder.assetcatalog; path = "Preview Assets.xcassets"; sourceTree = "<group>"; };
/* End PBXFileReference section */

/* Begin PBXFrameworksBuildPhase section */
		2167E6FC2C63B10E001E4325 /* Frameworks */ = {
			isa = PBXFrameworksBuildPhase;
			buildActionMask = 2147483647;
			files = (
				215912E42C7A762B00930D05 /* FirebaseAnalytics in Frameworks */,
				215912E62C7A762B00930D05 /* FirebaseAuth in Frameworks */,
				215912E82C7A762B00930D05 /* FirebaseFirestore in Frameworks */,
			);
			runOnlyForDeploymentPostprocessing = 0;
		};
/* End PBXFrameworksBuildPhase section */

/* Begin PBXGroup section */
		215912CF2C7A08E000930D05 /* Extensions */ = {
			isa = PBXGroup;
			children = (
				215912E02C7A5F9B00930D05 /* Enums.swift */,
			);
			path = Extensions;
			sourceTree = "<group>";
		};
		215912D02C7A08EF00930D05 /* Models */ = {
			isa = PBXGroup;
			children = (
				215912ED2C7B26DA00930D05 /* User.swift */,
			);
			path = Models;
			sourceTree = "<group>";
		};
		215912D22C7A092000930D05 /* Assets */ = {
			isa = PBXGroup;
			children = (
				215912D92C7A0DF600930D05 /* Fonts */,
				2167E7062C63B10F001E4325 /* Assets.xcassets */,
			);
			path = Assets;
			sourceTree = "<group>";
		};
		215912D32C7A092900930D05 /* ViewModels */ = {
			isa = PBXGroup;
			children = (
				215912D72C7A0BE600930D05 /* RequestManager.swift */,
				215912E92C7B153A00930D05 /* ViewModel.swift */,
			);
			path = ViewModels;
			sourceTree = "<group>";
		};
		215912D42C7A09A700930D05 /* Views */ = {
			isa = PBXGroup;
			children = (
				2167E7042C63B10E001E4325 /* LoadingScreen.swift */,
				215912EB2C7B1BA500930D05 /* Authorization.swift */,
				215912DC2C7A5AB300930D05 /* TabBar.swift */,
				215912DE2C7A5E6600930D05 /* Feed.swift */,
			);
			path = Views;
			sourceTree = "<group>";
		};
		215912D92C7A0DF600930D05 /* Fonts */ = {
			isa = PBXGroup;
			children = (
			);
			path = Fonts;
			sourceTree = "<group>";
		};
		2167E6F62C63B10E001E4325 = {
			isa = PBXGroup;
			children = (
				2167E7012C63B10E001E4325 /* lookie */,
				2167E7002C63B10E001E4325 /* Products */,
			);
			sourceTree = "<group>";
		};
		2167E7002C63B10E001E4325 /* Products */ = {
			isa = PBXGroup;
			children = (
				2167E6FF2C63B10E001E4325 /* lookie.app */,
			);
			name = Products;
			sourceTree = "<group>";
		};
		2167E7012C63B10E001E4325 /* lookie */ = {
			isa = PBXGroup;
			children = (
				215912D42C7A09A700930D05 /* Views */,
				215912D32C7A092900930D05 /* ViewModels */,
				215912D22C7A092000930D05 /* Assets */,
				215912CF2C7A08E000930D05 /* Extensions */,
				215912D02C7A08EF00930D05 /* Models */,
				2167E7082C63B10F001E4325 /* Preview Content */,
				2167E7022C63B10E001E4325 /* ProjectApp.swift */,
				215912D52C7A09C100930D05 /* AppConstants.swift */,
				215912EF2C7B2B0300930D05 /* GoogleService-Info.plist */,
			);
			path = lookie;
			sourceTree = "<group>";
		};
		2167E7082C63B10F001E4325 /* Preview Content */ = {
			isa = PBXGroup;
			children = (
				2167E7092C63B10F001E4325 /* Preview Assets.xcassets */,
			);
			path = "Preview Content";
			sourceTree = "<group>";
		};
/* End PBXGroup section */

/* Begin PBXNativeTarget section */
		2167E6FE2C63B10E001E4325 /* lookie */ = {
			isa = PBXNativeTarget;
			buildConfigurationList = 2167E70D2C63B10F001E4325 /* Build configuration list for PBXNativeTarget "lookie" */;
			buildPhases = (
				2167E6FB2C63B10E001E4325 /* Sources */,
				2167E6FC2C63B10E001E4325 /* Frameworks */,
				2167E6FD2C63B10E001E4325 /* Resources */,
			);
			buildRules = (
			);
			dependencies = (
			);
			name = lookie;
			packageProductDependencies = (
				215912E32C7A762B00930D05 /* FirebaseAnalytics */,
				215912E52C7A762B00930D05 /* FirebaseAuth */,
				215912E72C7A762B00930D05 /* FirebaseFirestore */,
			);
			productName = lookie;
			productReference = 2167E6FF2C63B10E001E4325 /* lookie.app */;
			productType = "com.apple.product-type.application";
		};
/* End PBXNativeTarget section */

/* Begin PBXProject section */
		2167E6F72C63B10E001E4325 /* Project object */ = {
			isa = PBXProject;
			attributes = {
				BuildIndependentTargetsInParallel = 1;
				LastSwiftUpdateCheck = 1530;
				LastUpgradeCheck = 1530;
				TargetAttributes = {
					2167E6FE2C63B10E001E4325 = {
						CreatedOnToolsVersion = 15.3;
					};
				};
			};
			buildConfigurationList = 2167E6FA2C63B10E001E4325 /* Build configuration list for PBXProject "lookie" */;
			compatibilityVersion = "Xcode 14.0";
			developmentRegion = en;
			hasScannedForEncodings = 0;
			knownRegions = (
				en,
				Base,
			);
			mainGroup = 2167E6F62C63B10E001E4325;
			packageReferences = (
				215912E22C7A762B00930D05 /* XCRemoteSwiftPackageReference "firebase-ios-sdk" */,
			);
			productRefGroup = 2167E7002C63B10E001E4325 /* Products */;
			projectDirPath = "";
			projectRoot = "";
			targets = (
				2167E6FE2C63B10E001E4325 /* lookie */,
			);
		};
/* End PBXProject section */

/* Begin PBXResourcesBuildPhase section */
		2167E6FD2C63B10E001E4325 /* Resources */ = {
			isa = PBXResourcesBuildPhase;
			buildActionMask = 2147483647;
			files = (
				215912F02C7B2B0300930D05 /* GoogleService-Info.plist in Resources */,
				2167E70A2C63B10F001E4325 /* Preview Assets.xcassets in Resources */,
				2167E7072C63B10F001E4325 /* Assets.xcassets in Resources */,
			);
			runOnlyForDeploymentPostprocessing = 0;
		};
/* End PBXResourcesBuildPhase section */

/* Begin PBXSourcesBuildPhase section */
		2167E6FB2C63B10E001E4325 /* Sources */ = {
			isa = PBXSourcesBuildPhase;
			buildActionMask = 2147483647;
			files = (
				2167E7052C63B10E001E4325 /* LoadingScreen.swift in Sources */,
				215912DF2C7A5E6600930D05 /* Feed.swift in Sources */,
				215912D62C7A09C100930D05 /* AppConstants.swift in Sources */,
				2167E7032C63B10E001E4325 /* ProjectApp.swift in Sources */,
				215912E12C7A5F9B00930D05 /* Enums.swift in Sources */,
				215912D82C7A0BE600930D05 /* RequestManager.swift in Sources */,
				215912EC2C7B1BA500930D05 /* Authorization.swift in Sources */,
				215912EA2C7B153A00930D05 /* ViewModel.swift in Sources */,
				215912EE2C7B26DA00930D05 /* User.swift in Sources */,
				215912DD2C7A5AB300930D05 /* TabBar.swift in Sources */,
			);
			runOnlyForDeploymentPostprocessing = 0;
		};
/* End PBXSourcesBuildPhase section */

/* Begin XCBuildConfiguration section */
		2167E70B2C63B10F001E4325 /* Debug */ = {
			isa = XCBuildConfiguration;
			buildSettings = {
				ALWAYS_SEARCH_USER_PATHS = NO;
				ASSETCATALOG_COMPILER_GENERATE_SWIFT_ASSET_SYMBOL_EXTENSIONS = YES;
				CLANG_ANALYZER_NONNULL = YES;
				CLANG_ANALYZER_NUMBER_OBJECT_CONVERSION = YES_AGGRESSIVE;
				CLANG_CXX_LANGUAGE_STANDARD = "gnu++20";
				CLANG_ENABLE_MODULES = YES;
				CLANG_ENABLE_OBJC_ARC = YES;
				CLANG_ENABLE_OBJC_WEAK = YES;
				CLANG_WARN_BLOCK_CAPTURE_AUTORELEASING = YES;
				CLANG_WARN_BOOL_CONVERSION = YES;
				CLANG_WARN_COMMA = YES;
				CLANG_WARN_CONSTANT_CONVERSION = YES;
				CLANG_WARN_DEPRECATED_OBJC_IMPLEMENTATIONS = YES;
				CLANG_WARN_DIRECT_OBJC_ISA_USAGE = YES_ERROR;
				CLANG_WARN_DOCUMENTATION_COMMENTS = YES;
				CLANG_WARN_EMPTY_BODY = YES;
				CLANG_WARN_ENUM_CONVERSION = YES;
				CLANG_WARN_INFINITE_RECURSION = YES;
				CLANG_WARN_INT_CONVERSION = YES;
				CLANG_WARN_NON_LITERAL_NULL_CONVERSION = YES;
				CLANG_WARN_OBJC_IMPLICIT_RETAIN_SELF = YES;
				CLANG_WARN_OBJC_LITERAL_CONVERSION = YES;
				CLANG_WARN_OBJC_ROOT_CLASS = YES_ERROR;
				CLANG_WARN_QUOTED_INCLUDE_IN_FRAMEWORK_HEADER = YES;
				CLANG_WARN_RANGE_LOOP_ANALYSIS = YES;
				CLANG_WARN_STRICT_PROTOTYPES = YES;
				CLANG_WARN_SUSPICIOUS_MOVE = YES;
				CLANG_WARN_UNGUARDED_AVAILABILITY = YES_AGGRESSIVE;
				CLANG_WARN_UNREACHABLE_CODE = YES;
				CLANG_WARN__DUPLICATE_METHOD_MATCH = YES;
				COPY_PHASE_STRIP = NO;
				DEBUG_INFORMATION_FORMAT = dwarf;
				ENABLE_STRICT_OBJC_MSGSEND = YES;
				ENABLE_TESTABILITY = YES;
				ENABLE_USER_SCRIPT_SANDBOXING = YES;
				GCC_C_LANGUAGE_STANDARD = gnu17;
				GCC_DYNAMIC_NO_PIC = NO;
				GCC_NO_COMMON_BLOCKS = YES;
				GCC_OPTIMIZATION_LEVEL = 0;
				GCC_PREPROCESSOR_DEFINITIONS = (
					"DEBUG=1",
					"$(inherited)",
				);
				GCC_WARN_64_TO_32_BIT_CONVERSION = YES;
				GCC_WARN_ABOUT_RETURN_TYPE = YES_ERROR;
				GCC_WARN_UNDECLARED_SELECTOR = YES;
				GCC_WARN_UNINITIALIZED_AUTOS = YES_AGGRESSIVE;
				GCC_WARN_UNUSED_FUNCTION = YES;
				GCC_WARN_UNUSED_VARIABLE = YES;
				IPHONEOS_DEPLOYMENT_TARGET = 15.0;
				LOCALIZATION_PREFERS_STRING_CATALOGS = YES;
				MTL_ENABLE_DEBUG_INFO = INCLUDE_SOURCE;
				MTL_FAST_MATH = YES;
				ONLY_ACTIVE_ARCH = YES;
				SDKROOT = iphoneos;
				SWIFT_ACTIVE_COMPILATION_CONDITIONS = "DEBUG $(inherited)";
				SWIFT_OPTIMIZATION_LEVEL = "-Onone";
			};
			name = Debug;
		};
		2167E70C2C63B10F001E4325 /* Release */ = {
			isa = XCBuildConfiguration;
			buildSettings = {
				ALWAYS_SEARCH_USER_PATHS = NO;
				ASSETCATALOG_COMPILER_GENERATE_SWIFT_ASSET_SYMBOL_EXTENSIONS = YES;
				CLANG_ANALYZER_NONNULL = YES;
				CLANG_ANALYZER_NUMBER_OBJECT_CONVERSION = YES_AGGRESSIVE;
				CLANG_CXX_LANGUAGE_STANDARD = "gnu++20";
				CLANG_ENABLE_MODULES = YES;
				CLANG_ENABLE_OBJC_ARC = YES;
				CLANG_ENABLE_OBJC_WEAK = YES;
				CLANG_WARN_BLOCK_CAPTURE_AUTORELEASING = YES;
				CLANG_WARN_BOOL_CONVERSION = YES;
				CLANG_WARN_COMMA = YES;
				CLANG_WARN_CONSTANT_CONVERSION = YES;
				CLANG_WARN_DEPRECATED_OBJC_IMPLEMENTATIONS = YES;
				CLANG_WARN_DIRECT_OBJC_ISA_USAGE = YES_ERROR;
				CLANG_WARN_DOCUMENTATION_COMMENTS = YES;
				CLANG_WARN_EMPTY_BODY = YES;
				CLANG_WARN_ENUM_CONVERSION = YES;
				CLANG_WARN_INFINITE_RECURSION = YES;
				CLANG_WARN_INT_CONVERSION = YES;
				CLANG_WARN_NON_LITERAL_NULL_CONVERSION = YES;
				CLANG_WARN_OBJC_IMPLICIT_RETAIN_SELF = YES;
				CLANG_WARN_OBJC_LITERAL_CONVERSION = YES;
				CLANG_WARN_OBJC_ROOT_CLASS = YES_ERROR;
				CLANG_WARN_QUOTED_INCLUDE_IN_FRAMEWORK_HEADER = YES;
				CLANG_WARN_RANGE_LOOP_ANALYSIS = YES;
				CLANG_WARN_STRICT_PROTOTYPES = YES;
				CLANG_WARN_SUSPICIOUS_MOVE = YES;
				CLANG_WARN_UNGUARDED_AVAILABILITY = YES_AGGRESSIVE;
				CLANG_WARN_UNREACHABLE_CODE = YES;
				CLANG_WARN__DUPLICATE_METHOD_MATCH = YES;
				COPY_PHASE_STRIP = NO;
				DEBUG_INFORMATION_FORMAT = "dwarf-with-dsym";
				ENABLE_NS_ASSERTIONS = NO;
				ENABLE_STRICT_OBJC_MSGSEND = YES;
				ENABLE_USER_SCRIPT_SANDBOXING = YES;
				GCC_C_LANGUAGE_STANDARD = gnu17;
				GCC_NO_COMMON_BLOCKS = YES;
				GCC_WARN_64_TO_32_BIT_CONVERSION = YES;
				GCC_WARN_ABOUT_RETURN_TYPE = YES_ERROR;
				GCC_WARN_UNDECLARED_SELECTOR = YES;
				GCC_WARN_UNINITIALIZED_AUTOS = YES_AGGRESSIVE;
				GCC_WARN_UNUSED_FUNCTION = YES;
				GCC_WARN_UNUSED_VARIABLE = YES;
				IPHONEOS_DEPLOYMENT_TARGET = 15.0;
				LOCALIZATION_PREFERS_STRING_CATALOGS = YES;
				MTL_ENABLE_DEBUG_INFO = NO;
				MTL_FAST_MATH = YES;
				SDKROOT = iphoneos;
				SWIFT_COMPILATION_MODE = wholemodule;
				VALIDATE_PRODUCT = YES;
			};
			name = Release;
		};
		2167E70E2C63B10F001E4325 /* Debug */ = {
			isa = XCBuildConfiguration;
			buildSettings = {
				ASSETCATALOG_COMPILER_APPICON_NAME = AppIcon;
				ASSETCATALOG_COMPILER_GLOBAL_ACCENT_COLOR_NAME = AccentColor;
				CODE_SIGN_STYLE = Automatic;
				CURRENT_PROJECT_VERSION = 1;
				DEVELOPMENT_ASSET_PATHS = "\"lookie/Preview Content\"";
				DEVELOPMENT_TEAM = QN6RC23FCQ;
				ENABLE_PREVIEWS = YES;
				GENERATE_INFOPLIST_FILE = YES;
				INFOPLIST_KEY_CFBundleDisplayName = Lookie;
				INFOPLIST_KEY_UIApplicationSceneManifest_Generation = YES;
				INFOPLIST_KEY_UIApplicationSupportsIndirectInputEvents = YES;
				INFOPLIST_KEY_UILaunchScreen_Generation = YES;
				INFOPLIST_KEY_UISupportedInterfaceOrientations = UIInterfaceOrientationPortrait;
				IPHONEOS_DEPLOYMENT_TARGET = 15.0;
				LD_RUNPATH_SEARCH_PATHS = (
					"$(inherited)",
					"@executable_path/Frameworks",
				);
				MARKETING_VERSION = 1.0;
				PRODUCT_BUNDLE_IDENTIFIER = ruslanparastaev.lookie;
				PRODUCT_NAME = "$(TARGET_NAME)";
				SWIFT_EMIT_LOC_STRINGS = YES;
				SWIFT_VERSION = 5.0;
				TARGETED_DEVICE_FAMILY = "1,2";
			};
			name = Debug;
		};
		2167E70F2C63B10F001E4325 /* Release */ = {
			isa = XCBuildConfiguration;
			buildSettings = {
				ASSETCATALOG_COMPILER_APPICON_NAME = AppIcon;
				ASSETCATALOG_COMPILER_GLOBAL_ACCENT_COLOR_NAME = AccentColor;
				CODE_SIGN_STYLE = Automatic;
				CURRENT_PROJECT_VERSION = 1;
				DEVELOPMENT_ASSET_PATHS = "\"lookie/Preview Content\"";
				DEVELOPMENT_TEAM = QN6RC23FCQ;
				ENABLE_PREVIEWS = YES;
				GENERATE_INFOPLIST_FILE = YES;
				INFOPLIST_KEY_CFBundleDisplayName = Lookie;
				INFOPLIST_KEY_UIApplicationSceneManifest_Generation = YES;
				INFOPLIST_KEY_UIApplicationSupportsIndirectInputEvents = YES;
				INFOPLIST_KEY_UILaunchScreen_Generation = YES;
				INFOPLIST_KEY_UISupportedInterfaceOrientations = UIInterfaceOrientationPortrait;
				IPHONEOS_DEPLOYMENT_TARGET = 15.0;
				LD_RUNPATH_SEARCH_PATHS = (
					"$(inherited)",
					"@executable_path/Frameworks",
				);
				MARKETING_VERSION = 1.0;
				PRODUCT_BUNDLE_IDENTIFIER = ruslanparastaev.lookie;
				PRODUCT_NAME = "$(TARGET_NAME)";
				SWIFT_EMIT_LOC_STRINGS = YES;
				SWIFT_VERSION = 5.0;
				TARGETED_DEVICE_FAMILY = "1,2";
			};
			name = Release;
		};
/* End XCBuildConfiguration section */

/* Begin XCConfigurationList section */
		2167E6FA2C63B10E001E4325 /* Build configuration list for PBXProject "lookie" */ = {
			isa = XCConfigurationList;
			buildConfigurations = (
				2167E70B2C63B10F001E4325 /* Debug */,
				2167E70C2C63B10F001E4325 /* Release */,
			);
			defaultConfigurationIsVisible = 0;
			defaultConfigurationName = Release;
		};
		2167E70D2C63B10F001E4325 /* Build configuration list for PBXNativeTarget "lookie" */ = {
			isa = XCConfigurationList;
			buildConfigurations = (
				2167E70E2C63B10F001E4325 /* Debug */,
				2167E70F2C63B10F001E4325 /* Release */,
			);
			defaultConfigurationIsVisible = 0;
			defaultConfigurationName = Release;
		};
/* End XCConfigurationList section */

/* Begin XCRemoteSwiftPackageReference section */
		215912E22C7A762B00930D05 /* XCRemoteSwiftPackageReference "firebase-ios-sdk" */ = {
			isa = XCRemoteSwiftPackageReference;
			repositoryURL = "https://github.com/firebase/firebase-ios-sdk.git";
			requirement = {
				kind = upToNextMajorVersion;
				minimumVersion = 11.1.0;
			};
		};
/* End XCRemoteSwiftPackageReference section */

/* Begin XCSwiftPackageProductDependency section */
		215912E32C7A762B00930D05 /* FirebaseAnalytics */ = {
			isa = XCSwiftPackageProductDependency;
			package = 215912E22C7A762B00930D05 /* XCRemoteSwiftPackageReference "firebase-ios-sdk" */;
			productName = FirebaseAnalytics;
		};
		215912E52C7A762B00930D05 /* FirebaseAuth */ = {
			isa = XCSwiftPackageProductDependency;
			package = 215912E22C7A762B00930D05 /* XCRemoteSwiftPackageReference "firebase-ios-sdk" */;
			productName = FirebaseAuth;
		};
		215912E72C7A762B00930D05 /* FirebaseFirestore */ = {
			isa = XCSwiftPackageProductDependency;
			package = 215912E22C7A762B00930D05 /* XCRemoteSwiftPackageReference "firebase-ios-sdk" */;
			productName = FirebaseFirestore;
		};
/* End XCSwiftPackageProductDependency section */
	};
	rootObject = 2167E6F72C63B10E001E4325 /* Project object */;
}
